github.com/rzjprogramador/Rzlibs_rzj_GO v0.0.0-20240605173630-ac35bc5bdba2 h1:bJs2czAvPNowvQisMtLov8d3Ov196PEXfQEQARF0PM8=
github.com/rzjprogramador/Rzlibs_rzj_GO v0.0.0-20240605173630-ac35bc5bdba2/go.mod h1:mQDk5xv6YHIbL/sWoyPqI30b/K6TeZ7kakiMzQ3mBCI=
github.com/rzjprogramador/Rzlibs_rzj_GO v0.0.0-20240605183621-72be9e0e0395 h1:KPCW4lMojn1t8GFb9h5IulhtMOVZyfG1A1WJaKTALxE=
github.com/rzjprogramador/Rzlibs_rzj_GO v0.0.0-20240605183621-72be9e0e0395/go.mod h1:mQDk5xv6YHIbL/sWoyPqI30b/K6TeZ7kakiMzQ3mBCI=
github.com/rzjprogramador/Rzlibs_rzj_GO v0.0.0-20240607155418-5dd7c9f9398c h1:Jb+Dqg4Y3xqLjnG/AIq9ECt/8qovIu+QThuGEmjDynU=
github.com/rzjprogramador/Rzlibs_rzj_GO v0.0.0-20240607155418-5dd7c9f9398c/go.mod h1:mQDk5xv6YHIbL/sWoyPqI30b/K6TeZ7kakiMzQ3mBCI=
github.com/rzjprogramador/Rzlibs_rzj_GO v0.0.0-20240607160530-556777014357 h1:mxBEYdA7PH4AHMo3GRU/qmw14cgvOUvvRNsPWR/uj3E=
github.com/rzjprogramador/Rzlibs_rzj_GO v0.0.0-20240607160530-556777014357/go.mod h1:mQDk5xv6YHIbL/sWoyPqI30b/K6TeZ7kakiMzQ3mBCI=
